
Microsoft Visual Studio Solution File, Format Version 12.00
# Visual Studio 15
VisualStudioVersion = 15.0.27703.2035
MinimumVisualStudioVersion = 10.0.40219.1
Project("{FAE04EC0-301F-11D3-BF4B-00C04F79EFBC}") = "MultiThreadChat.Legacy", "MultiThreadChat.Legacy\MultiThreadChat.Legacy.csproj", "{B4B323B9-EB95-4537-9BE5-2FFF0D3FFB6C}"
EndProject
Project("{FAE04EC0-301F-11D3-BF4B-00C04F79EFBC}") = "MultiThreadChat.Android", "MultiThreadChat\MultiThreadChat.Android\MultiThreadChat.Android.csproj", "{DDD9D590-BF00-430D-B280-42B7632FC780}"
EndProject
Project("{FAE04EC0-301F-11D3-BF4B-00C04F79EFBC}") = "MultiThreadChat.iOS", "MultiThreadChat\MultiThreadChat.iOS\MultiThreadChat.iOS.csproj", "{56198C6B-DC49-4157-980F-21E6F4FE78A3}"
EndProject
Project("{FAE04EC0-301F-11D3-BF4B-00C04F79EFBC}") = "MultiThreadChat.UWP", "MultiThreadChat\MultiThreadChat.UWP\MultiThreadChat.UWP.csproj", "{8AC24406-BC20-469A-89D8-5829AD4D4513}"
EndProject
Project("{D954291E-2A0B-460D-934E-DC6B0785DB48}") = "MultiThreadChat", "MultiThreadChat\MultiThreadChat\MultiThreadChat.shproj", "{4A614AED-E187-49DB-8016-6F63A521DD22}"
EndProject
Global
	GlobalSection(SharedMSBuildProjectFiles) = preSolution
		MultiThreadChat\MultiThreadChat\MultiThreadChat.projitems*{4a614aed-e187-49db-8016-6f63a521dd22}*SharedItemsImports = 13
		MultiThreadChat\MultiThreadChat\MultiThreadChat.projitems*{56198c6b-dc49-4157-980f-21e6f4fe78a3}*SharedItemsImports = 4
		MultiThreadChat\MultiThreadChat\MultiThreadChat.projitems*{8ac24406-bc20-469a-89d8-5829ad4d4513}*SharedItemsImports = 4
		MultiThreadChat\MultiThreadChat\MultiThreadChat.projitems*{ddd9d590-bf00-430d-b280-42b7632fc780}*SharedItemsImports = 4
	EndGlobalSection
	GlobalSection(SolutionConfigurationPlatforms) = preSolution
		Ad-Hoc|Any CPU = Ad-Hoc|Any CPU
		Ad-Hoc|ARM = Ad-Hoc|ARM
		Ad-Hoc|iPhone = Ad-Hoc|iPhone
		Ad-Hoc|iPhoneSimulator = Ad-Hoc|iPhoneSimulator
		Ad-Hoc|x64 = Ad-Hoc|x64
		Ad-Hoc|x86 = Ad-Hoc|x86
		AppStore|Any CPU = AppStore|Any CPU
		AppStore|ARM = AppStore|ARM
		AppStore|iPhone = AppStore|iPhone
		AppStore|iPhoneSimulator = AppStore|iPhoneSimulator
		AppStore|x64 = AppStore|x64
		AppStore|x86 = AppStore|x86
		Debug|Any CPU = Debug|Any CPU
		Debug|ARM = Debug|ARM
		Debug|iPhone = Debug|iPhone
		Debug|iPhoneSimulator = Debug|iPhoneSimulator
		Debug|x64 = Debug|x64
		Debug|x86 = Debug|x86
		Release|Any CPU = Release|Any CPU
		Release|ARM = Release|ARM
		Release|iPhone = Release|iPhone
		Release|iPhoneSimulator = Release|iPhoneSimulator
		Release|x64 = Release|x64
		Release|x86 = Release|x86
	EndGlobalSection
	GlobalSection(ProjectConfigurationPlatforms) = postSolution
		{B4B323B9-EB95-4537-9BE5-2FFF0D3FFB6C}.Ad-Hoc|Any CPU.ActiveCfg = Release|Any CPU
		{B4B323B9-EB95-4537-9BE5-2FFF0D3FFB6C}.Ad-Hoc|Any CPU.Build.0 = Release|Any CPU
		{B4B323B9-EB95-4537-9BE5-2FFF0D3FFB6C}.Ad-Hoc|ARM.ActiveCfg = Release|Any CPU
		{B4B323B9-EB95-4537-9BE5-2FFF0D3FFB6C}.Ad-Hoc|ARM.Build.0 = Release|Any CPU
		{B4B323B9-EB95-4537-9BE5-2FFF0D3FFB6C}.Ad-Hoc|iPhone.ActiveCfg = Release|Any CPU
		{B4B323B9-EB95-4537-9BE5-2FFF0D3FFB6C}.Ad-Hoc|iPhone.Build.0 = Release|Any CPU
		{B4B323B9-EB95-4537-9BE5-2FFF0D3FFB6C}.Ad-Hoc|iPhoneSimulator.ActiveCfg = Release|Any CPU
		{B4B323B9-EB95-4537-9BE5-2FFF0D3FFB6C}.Ad-Hoc|iPhoneSimulator.Build.0 = Release|Any CPU
		{B4B323B9-EB95-4537-9BE5-2FFF0D3FFB6C}.Ad-Hoc|x64.ActiveCfg = Release|Any CPU
		{B4B323B9-EB95-4537-9BE5-2FFF0D3FFB6C}.Ad-Hoc|x64.Build.0 = Release|Any CPU
		{B4B323B9-EB95-4537-9BE5-2FFF0D3FFB6C}.Ad-Hoc|x86.ActiveCfg = Release|Any CPU
		{B4B323B9-EB95-4537-9BE5-2FFF0D3FFB6C}.Ad-Hoc|x86.Build.0 = Release|Any CPU
		{B4B323B9-EB95-4537-9BE5-2FFF0D3FFB6C}.AppStore|Any CPU.ActiveCfg = Release|Any CPU
		{B4B323B9-EB95-4537-9BE5-2FFF0D3FFB6C}.AppStore|Any CPU.Build.0 = Release|Any CPU
		{B4B323B9-EB95-4537-9BE5-2FFF0D3FFB6C}.AppStore|ARM.ActiveCfg = Release|Any CPU
		{B4B323B9-EB95-4537-9BE5-2FFF0D3FFB6C}.AppStore|ARM.Build.0 = Release|Any CPU
		{B4B323B9-EB95-4537-9BE5-2FFF0D3FFB6C}.AppStore|iPhone.ActiveCfg = Release|Any CPU
		{B4B323B9-EB95-4537-9BE5-2FFF0D3FFB6C}.AppStore|iPhone.Build.0 = Release|Any CPU
		{B4B323B9-EB95-4537-9BE5-2FFF0D3FFB6C}.AppStore|iPhoneSimulator.ActiveCfg = Release|Any CPU
		{B4B323B9-EB95-4537-9BE5-2FFF0D3FFB6C}.AppStore|iPhoneSimulator.Build.0 = Release|Any CPU
		{B4B323B9-EB95-4537-9BE5-2FFF0D3FFB6C}.AppStore|x64.ActiveCfg = Release|Any CPU
		{B4B323B9-EB95-4537-9BE5-2FFF0D3FFB6C}.AppStore|x64.Build.0 = Release|Any CPU
		{B4B323B9-EB95-4537-9BE5-2FFF0D3FFB6C}.AppStore|x86.ActiveCfg = Release|Any CPU
		{B4B323B9-EB95-4537-9BE5-2FFF0D3FFB6C}.AppStore|x86.Build.0 = Release|Any CPU
		{B4B323B9-EB95-4537-9BE5-2FFF0D3FFB6C}.Debug|Any CPU.ActiveCfg = Debug|Any CPU
		{B4B323B9-EB95-4537-9BE5-2FFF0D3FFB6C}.Debug|Any CPU.Build.0 = Debug|Any CPU
		{B4B323B9-EB95-4537-9BE5-2FFF0D3FFB6C}.Debug|ARM.ActiveCfg = Debug|Any CPU
		{B4B323B9-EB95-4537-9BE5-2FFF0D3FFB6C}.Debug|ARM.Build.0 = Debug|Any CPU
		{B4B323B9-EB95-4537-9BE5-2FFF0D3FFB6C}.Debug|iPhone.ActiveCfg = Debug|Any CPU
		{B4B323B9-EB95-4537-9BE5-2FFF0D3FFB6C}.Debug|iPhone.Build.0 = Debug|Any CPU
		{B4B323B9-EB95-4537-9BE5-2FFF0D3FFB6C}.Debug|iPhoneSimulator.ActiveCfg = Debug|Any CPU
		{B4B323B9-EB95-4537-9BE5-2FFF0D3FFB6C}.Debug|iPhoneSimulator.Build.0 = Debug|Any CPU
		{B4B323B9-EB95-4537-9BE5-2FFF0D3FFB6C}.Debug|x64.ActiveCfg = Debug|Any CPU
		{B4B323B9-EB95-4537-9BE5-2FFF0D3FFB6C}.Debug|x64.Build.0 = Debug|Any CPU
		{B4B323B9-EB95-4537-9BE5-2FFF0D3FFB6C}.Debug|x86.ActiveCfg = Debug|Any CPU
		{B4B323B9-EB95-4537-9BE5-2FFF0D3FFB6C}.Debug|x86.Build.0 = Debug|Any CPU
		{B4B323B9-EB95-4537-9BE5-2FFF0D3FFB6C}.Release|Any CPU.ActiveCfg = Release|Any CPU
		{B4B323B9-EB95-4537-9BE5-2FFF0D3FFB6C}.Release|Any CPU.Build.0 = Release|Any CPU
		{B4B323B9-EB95-4537-9BE5-2FFF0D3FFB6C}.Release|ARM.ActiveCfg = Release|Any CPU
		{B4B323B9-EB95-4537-9BE5-2FFF0D3FFB6C}.Release|ARM.Build.0 = Release|Any CPU
		{B4B323B9-EB95-4537-9BE5-2FFF0D3FFB6C}.Release|iPhone.ActiveCfg = Release|Any CPU
		{B4B323B9-EB95-4537-9BE5-2FFF0D3FFB6C}.Release|iPhone.Build.0 = Release|Any CPU
		{B4B323B9-EB95-4537-9BE5-2FFF0D3FFB6C}.Release|iPhoneSimulator.ActiveCfg = Release|Any CPU
		{B4B323B9-EB95-4537-9BE5-2FFF0D3FFB6C}.Release|iPhoneSimulator.Build.0 = Release|Any CPU
		{B4B323B9-EB95-4537-9BE5-2FFF0D3FFB6C}.Release|x64.ActiveCfg = Release|Any CPU
		{B4B323B9-EB95-4537-9BE5-2FFF0D3FFB6C}.Release|x64.Build.0 = Release|Any CPU
		{B4B323B9-EB95-4537-9BE5-2FFF0D3FFB6C}.Release|x86.ActiveCfg = Release|Any CPU
		{B4B323B9-EB95-4537-9BE5-2FFF0D3FFB6C}.Release|x86.Build.0 = Release|Any CPU
		{DDD9D590-BF00-430D-B280-42B7632FC780}.Ad-Hoc|Any CPU.ActiveCfg = Release|Any CPU
		{DDD9D590-BF00-430D-B280-42B7632FC780}.Ad-Hoc|Any CPU.Build.0 = Release|Any CPU
		{DDD9D590-BF00-430D-B280-42B7632FC780}.Ad-Hoc|Any CPU.Deploy.0 = Release|Any CPU
		{DDD9D590-BF00-430D-B280-42B7632FC780}.Ad-Hoc|ARM.ActiveCfg = Release|Any CPU
		{DDD9D590-BF00-430D-B280-42B7632FC780}.Ad-Hoc|ARM.Build.0 = Release|Any CPU
		{DDD9D590-BF00-430D-B280-42B7632FC780}.Ad-Hoc|ARM.Deploy.0 = Release|Any CPU
		{DDD9D590-BF00-430D-B280-42B7632FC780}.Ad-Hoc|iPhone.ActiveCfg = Release|Any CPU
		{DDD9D590-BF00-430D-B280-42B7632FC780}.Ad-Hoc|iPhone.Build.0 = Release|Any CPU
		{DDD9D590-BF00-430D-B280-42B7632FC780}.Ad-Hoc|iPhone.Deploy.0 = Release|Any CPU
		{DDD9D590-BF00-430D-B280-42B7632FC780}.Ad-Hoc|iPhoneSimulator.ActiveCfg = Release|Any CPU
		{DDD9D590-BF00-430D-B280-42B7632FC780}.Ad-Hoc|iPhoneSimulator.Build.0 = Release|Any CPU
		{DDD9D590-BF00-430D-B280-42B7632FC780}.Ad-Hoc|iPhoneSimulator.Deploy.0 = Release|Any CPU
		{DDD9D590-BF00-430D-B280-42B7632FC780}.Ad-Hoc|x64.ActiveCfg = Release|Any CPU
		{DDD9D590-BF00-430D-B280-42B7632FC780}.Ad-Hoc|x64.Build.0 = Release|Any CPU
		{DDD9D590-BF00-430D-B280-42B7632FC780}.Ad-Hoc|x64.Deploy.0 = Release|Any CPU
		{DDD9D590-BF00-430D-B280-42B7632FC780}.Ad-Hoc|x86.ActiveCfg = Release|Any CPU
		{DDD9D590-BF00-430D-B280-42B7632FC780}.Ad-Hoc|x86.Build.0 = Release|Any CPU
		{DDD9D590-BF00-430D-B280-42B7632FC780}.Ad-Hoc|x86.Deploy.0 = Release|Any CPU
		{DDD9D590-BF00-430D-B280-42B7632FC780}.AppStore|Any CPU.ActiveCfg = Release|Any CPU
		{DDD9D590-BF00-430D-B280-42B7632FC780}.AppStore|Any CPU.Build.0 = Release|Any CPU
		{DDD9D590-BF00-430D-B280-42B7632FC780}.AppStore|Any CPU.Deploy.0 = Release|Any CPU
		{DDD9D590-BF00-430D-B280-42B7632FC780}.AppStore|ARM.ActiveCfg = Release|Any CPU
		{DDD9D590-BF00-430D-B280-42B7632FC780}.AppStore|ARM.Build.0 = Release|Any CPU
		{DDD9D590-BF00-430D-B280-42B7632FC780}.AppStore|ARM.Deploy.0 = Release|Any CPU
		{DDD9D590-BF00-430D-B280-42B7632FC780}.AppStore|iPhone.ActiveCfg = Release|Any CPU
		{DDD9D590-BF00-430D-B280-42B7632FC780}.AppStore|iPhone.Build.0 = Release|Any CPU
		{DDD9D590-BF00-430D-B280-42B7632FC780}.AppStore|iPhone.Deploy.0 = Release|Any CPU
		{DDD9D590-BF00-430D-B280-42B7632FC780}.AppStore|iPhoneSimulator.ActiveCfg = Release|Any CPU
		{DDD9D590-BF00-430D-B280-42B7632FC780}.AppStore|iPhoneSimulator.Build.0 = Release|Any CPU
		{DDD9D590-BF00-430D-B280-42B7632FC780}.AppStore|iPhoneSimulator.Deploy.0 = Release|Any CPU
		{DDD9D590-BF00-430D-B280-42B7632FC780}.AppStore|x64.ActiveCfg = Release|Any CPU
		{DDD9D590-BF00-430D-B280-42B7632FC780}.AppStore|x64.Build.0 = Release|Any CPU
		{DDD9D590-BF00-430D-B280-42B7632FC780}.AppStore|x64.Deploy.0 = Release|Any CPU
		{DDD9D590-BF00-430D-B280-42B7632FC780}.AppStore|x86.ActiveCfg = Release|Any CPU
		{DDD9D590-BF00-430D-B280-42B7632FC780}.AppStore|x86.Build.0 = Release|Any CPU
		{DDD9D590-BF00-430D-B280-42B7632FC780}.AppStore|x86.Deploy.0 = Release|Any CPU
		{DDD9D590-BF00-430D-B280-42B7632FC780}.Debug|Any CPU.ActiveCfg = Debug|Any CPU
		{DDD9D590-BF00-430D-B280-42B7632FC780}.Debug|Any CPU.Build.0 = Debug|Any CPU
		{DDD9D590-BF00-430D-B280-42B7632FC780}.Debug|Any CPU.Deploy.0 = Debug|Any CPU
		{DDD9D590-BF00-430D-B280-42B7632FC780}.Debug|ARM.ActiveCfg = Debug|Any CPU
		{DDD9D590-BF00-430D-B280-42B7632FC780}.Debug|ARM.Build.0 = Debug|Any CPU
		{DDD9D590-BF00-430D-B280-42B7632FC780}.Debug|ARM.Deploy.0 = Debug|Any CPU
		{DDD9D590-BF00-430D-B280-42B7632FC780}.Debug|iPhone.ActiveCfg = Debug|Any CPU
		{DDD9D590-BF00-430D-B280-42B7632FC780}.Debug|iPhone.Build.0 = Debug|Any CPU
		{DDD9D590-BF00-430D-B280-42B7632FC780}.Debug|iPhone.Deploy.0 = Debug|Any CPU
		{DDD9D590-BF00-430D-B280-42B7632FC780}.Debug|iPhoneSimulator.ActiveCfg = Debug|Any CPU
		{DDD9D590-BF00-430D-B280-42B7632FC780}.Debug|iPhoneSimulator.Build.0 = Debug|Any CPU
		{DDD9D590-BF00-430D-B280-42B7632FC780}.Debug|iPhoneSimulator.Deploy.0 = Debug|Any CPU
		{DDD9D590-BF00-430D-B280-42B7632FC780}.Debug|x64.ActiveCfg = Debug|Any CPU
		{DDD9D590-BF00-430D-B280-42B7632FC780}.Debug|x64.Build.0 = Debug|Any CPU
		{DDD9D590-BF00-430D-B280-42B7632FC780}.Debug|x64.Deploy.0 = Debug|Any CPU
		{DDD9D590-BF00-430D-B280-42B7632FC780}.Debug|x86.ActiveCfg = Debug|Any CPU
		{DDD9D590-BF00-430D-B280-42B7632FC780}.Debug|x86.Build.0 = Debug|Any CPU
		{DDD9D590-BF00-430D-B280-42B7632FC780}.Debug|x86.Deploy.0 = Debug|Any CPU
		{DDD9D590-BF00-430D-B280-42B7632FC780}.Release|Any CPU.ActiveCfg = Release|Any CPU
		{DDD9D590-BF00-430D-B280-42B7632FC780}.Release|Any CPU.Build.0 = Release|Any CPU
		{DDD9D590-BF00-430D-B280-42B7632FC780}.Release|Any CPU.Deploy.0 = Release|Any CPU
		{DDD9D590-BF00-430D-B280-42B7632FC780}.Release|ARM.ActiveCfg = Release|Any CPU
		{DDD9D590-BF00-430D-B280-42B7632FC780}.Release|ARM.Build.0 = Release|Any CPU
		{DDD9D590-BF00-430D-B280-42B7632FC780}.Release|ARM.Deploy.0 = Release|Any CPU
		{DDD9D590-BF00-430D-B280-42B7632FC780}.Release|iPhone.ActiveCfg = Release|Any CPU
		{DDD9D590-BF00-430D-B280-42B7632FC780}.Release|iPhone.Build.0 = Release|Any CPU
		{DDD9D590-BF00-430D-B280-42B7632FC780}.Release|iPhone.Deploy.0 = Release|Any CPU
		{DDD9D590-BF00-430D-B280-42B7632FC780}.Release|iPhoneSimulator.ActiveCfg = Release|Any CPU
		{DDD9D590-BF00-430D-B280-42B7632FC780}.Release|iPhoneSimulator.Build.0 = Release|Any CPU
		{DDD9D590-BF00-430D-B280-42B7632FC780}.Release|iPhoneSimulator.Deploy.0 = Release|Any CPU
		{DDD9D590-BF00-430D-B280-42B7632FC780}.Release|x64.ActiveCfg = Release|Any CPU
		{DDD9D590-BF00-430D-B280-42B7632FC780}.Release|x64.Build.0 = Release|Any CPU
		{DDD9D590-BF00-430D-B280-42B7632FC780}.Release|x64.Deploy.0 = Release|Any CPU
		{DDD9D590-BF00-430D-B280-42B7632FC780}.Release|x86.ActiveCfg = Release|Any CPU
		{DDD9D590-BF00-430D-B280-42B7632FC780}.Release|x86.Build.0 = Release|Any CPU
		{DDD9D590-BF00-430D-B280-42B7632FC780}.Release|x86.Deploy.0 = Release|Any CPU
		{56198C6B-DC49-4157-980F-21E6F4FE78A3}.Ad-Hoc|Any CPU.ActiveCfg = Ad-Hoc|iPhone
		{56198C6B-DC49-4157-980F-21E6F4FE78A3}.Ad-Hoc|ARM.ActiveCfg = Ad-Hoc|iPhone
		{56198C6B-DC49-4157-980F-21E6F4FE78A3}.Ad-Hoc|iPhone.ActiveCfg = Ad-Hoc|iPhone
		{56198C6B-DC49-4157-980F-21E6F4FE78A3}.Ad-Hoc|iPhone.Build.0 = Ad-Hoc|iPhone
		{56198C6B-DC49-4157-980F-21E6F4FE78A3}.Ad-Hoc|iPhoneSimulator.ActiveCfg = Ad-Hoc|iPhoneSimulator
		{56198C6B-DC49-4157-980F-21E6F4FE78A3}.Ad-Hoc|iPhoneSimulator.Build.0 = Ad-Hoc|iPhoneSimulator
		{56198C6B-DC49-4157-980F-21E6F4FE78A3}.Ad-Hoc|x64.ActiveCfg = Ad-Hoc|iPhone
		{56198C6B-DC49-4157-980F-21E6F4FE78A3}.Ad-Hoc|x86.ActiveCfg = Ad-Hoc|iPhone
		{56198C6B-DC49-4157-980F-21E6F4FE78A3}.AppStore|Any CPU.ActiveCfg = AppStore|iPhone
		{56198C6B-DC49-4157-980F-21E6F4FE78A3}.AppStore|ARM.ActiveCfg = AppStore|iPhone
		{56198C6B-DC49-4157-980F-21E6F4FE78A3}.AppStore|iPhone.ActiveCfg = AppStore|iPhone
		{56198C6B-DC49-4157-980F-21E6F4FE78A3}.AppStore|iPhone.Build.0 = AppStore|iPhone
		{56198C6B-DC49-4157-980F-21E6F4FE78A3}.AppStore|iPhoneSimulator.ActiveCfg = AppStore|iPhoneSimulator
		{56198C6B-DC49-4157-980F-21E6F4FE78A3}.AppStore|iPhoneSimulator.Build.0 = AppStore|iPhoneSimulator
		{56198C6B-DC49-4157-980F-21E6F4FE78A3}.AppStore|x64.ActiveCfg = AppStore|iPhone
		{56198C6B-DC49-4157-980F-21E6F4FE78A3}.AppStore|x86.ActiveCfg = AppStore|iPhone
		{56198C6B-DC49-4157-980F-21E6F4FE78A3}.Debug|Any CPU.ActiveCfg = Debug|iPhone
		{56198C6B-DC49-4157-980F-21E6F4FE78A3}.Debug|ARM.ActiveCfg = Debug|iPhone
		{56198C6B-DC49-4157-980F-21E6F4FE78A3}.Debug|iPhone.ActiveCfg = Debug|iPhone
		{56198C6B-DC49-4157-980F-21E6F4FE78A3}.Debug|iPhone.Build.0 = Debug|iPhone
		{56198C6B-DC49-4157-980F-21E6F4FE78A3}.Debug|iPhoneSimulator.ActiveCfg = Debug|iPhoneSimulator
		{56198C6B-DC49-4157-980F-21E6F4FE78A3}.Debug|iPhoneSimulator.Build.0 = Debug|iPhoneSimulator
		{56198C6B-DC49-4157-980F-21E6F4FE78A3}.Debug|x64.ActiveCfg = Debug|iPhone
		{56198C6B-DC49-4157-980F-21E6F4FE78A3}.Debug|x86.ActiveCfg = Debug|iPhone
		{56198C6B-DC49-4157-980F-21E6F4FE78A3}.Release|Any CPU.ActiveCfg = Release|iPhone
		{56198C6B-DC49-4157-980F-21E6F4FE78A3}.Release|ARM.ActiveCfg = Release|iPhone
		{56198C6B-DC49-4157-980F-21E6F4FE78A3}.Release|iPhone.ActiveCfg = Release|iPhone
		{56198C6B-DC49-4157-980F-21E6F4FE78A3}.Release|iPhone.Build.0 = Release|iPhone
		{56198C6B-DC49-4157-980F-21E6F4FE78A3}.Release|iPhoneSimulator.ActiveCfg = Release|iPhoneSimulator
		{56198C6B-DC49-4157-980F-21E6F4FE78A3}.Release|iPhoneSimulator.Build.0 = Release|iPhoneSimulator
		{56198C6B-DC49-4157-980F-21E6F4FE78A3}.Release|x64.ActiveCfg = Release|iPhone
		{56198C6B-DC49-4157-980F-21E6F4FE78A3}.Release|x86.ActiveCfg = Release|iPhone
		{8AC24406-BC20-469A-89D8-5829AD4D4513}.Ad-Hoc|Any CPU.ActiveCfg = Release|x86
		{8AC24406-BC20-469A-89D8-5829AD4D4513}.Ad-Hoc|Any CPU.Build.0 = Release|x86
		{8AC24406-BC20-469A-89D8-5829AD4D4513}.Ad-Hoc|Any CPU.Deploy.0 = Release|x86
		{8AC24406-BC20-469A-89D8-5829AD4D4513}.Ad-Hoc|ARM.ActiveCfg = Release|ARM
		{8AC24406-BC20-469A-89D8-5829AD4D4513}.Ad-Hoc|ARM.Build.0 = Release|ARM
		{8AC24406-BC20-469A-89D8-5829AD4D4513}.Ad-Hoc|ARM.Deploy.0 = Release|ARM
		{8AC24406-BC20-469A-89D8-5829AD4D4513}.Ad-Hoc|iPhone.ActiveCfg = Release|x86
		{8AC24406-BC20-469A-89D8-5829AD4D4513}.Ad-Hoc|iPhone.Build.0 = Release|x86
		{8AC24406-BC20-469A-89D8-5829AD4D4513}.Ad-Hoc|iPhone.Deploy.0 = Release|x86
		{8AC24406-BC20-469A-89D8-5829AD4D4513}.Ad-Hoc|iPhoneSimulator.ActiveCfg = Release|x86
		{8AC24406-BC20-469A-89D8-5829AD4D4513}.Ad-Hoc|iPhoneSimulator.Build.0 = Release|x86
		{8AC24406-BC20-469A-89D8-5829AD4D4513}.Ad-Hoc|iPhoneSimulator.Deploy.0 = Release|x86
		{8AC24406-BC20-469A-89D8-5829AD4D4513}.Ad-Hoc|x64.ActiveCfg = Release|x64
		{8AC24406-BC20-469A-89D8-5829AD4D4513}.Ad-Hoc|x64.Build.0 = Release|x64
		{8AC24406-BC20-469A-89D8-5829AD4D4513}.Ad-Hoc|x64.Deploy.0 = Release|x64
		{8AC24406-BC20-469A-89D8-5829AD4D4513}.Ad-Hoc|x86.ActiveCfg = Release|x86
		{8AC24406-BC20-469A-89D8-5829AD4D4513}.Ad-Hoc|x86.Build.0 = Release|x86
		{8AC24406-BC20-469A-89D8-5829AD4D4513}.Ad-Hoc|x86.Deploy.0 = Release|x86
		{8AC24406-BC20-469A-89D8-5829AD4D4513}.AppStore|Any CPU.ActiveCfg = Release|x86
		{8AC24406-BC20-469A-89D8-5829AD4D4513}.AppStore|Any CPU.Build.0 = Release|x86
		{8AC24406-BC20-469A-89D8-5829AD4D4513}.AppStore|Any CPU.Deploy.0 = Release|x86
		{8AC24406-BC20-469A-89D8-5829AD4D4513}.AppStore|ARM.ActiveCfg = Release|ARM
		{8AC24406-BC20-469A-89D8-5829AD4D4513}.AppStore|ARM.Build.0 = Release|ARM
		{8AC24406-BC20-469A-89D8-5829AD4D4513}.AppStore|ARM.Deploy.0 = Release|ARM
		{8AC24406-BC20-469A-89D8-5829AD4D4513}.AppStore|iPhone.ActiveCfg = Release|x86
		{8AC24406-BC20-469A-89D8-5829AD4D4513}.AppStore|iPhone.Build.0 = Release|x86
		{8AC24406-BC20-469A-89D8-5829AD4D4513}.AppStore|iPhone.Deploy.0 = Release|x86
		{8AC24406-BC20-469A-89D8-5829AD4D4513}.AppStore|iPhoneSimulator.ActiveCfg = Release|x86
		{8AC24406-BC20-469A-89D8-5829AD4D4513}.AppStore|iPhoneSimulator.Build.0 = Release|x86
		{8AC24406-BC20-469A-89D8-5829AD4D4513}.AppStore|iPhoneSimulator.Deploy.0 = Release|x86
		{8AC24406-BC20-469A-89D8-5829AD4D4513}.AppStore|x64.ActiveCfg = Release|x64
		{8AC24406-BC20-469A-89D8-5829AD4D4513}.AppStore|x64.Build.0 = Release|x64
		{8AC24406-BC20-469A-89D8-5829AD4D4513}.AppStore|x64.Deploy.0 = Release|x64
		{8AC24406-BC20-469A-89D8-5829AD4D4513}.AppStore|x86.ActiveCfg = Release|x86
		{8AC24406-BC20-469A-89D8-5829AD4D4513}.AppStore|x86.Build.0 = Release|x86
		{8AC24406-BC20-469A-89D8-5829AD4D4513}.AppStore|x86.Deploy.0 = Release|x86
		{8AC24406-BC20-469A-89D8-5829AD4D4513}.Debug|Any CPU.ActiveCfg = Debug|x86
		{8AC24406-BC20-469A-89D8-5829AD4D4513}.Debug|ARM.ActiveCfg = Debug|ARM
		{8AC24406-BC20-469A-89D8-5829AD4D4513}.Debug|ARM.Build.0 = Debug|ARM
		{8AC24406-BC20-469A-89D8-5829AD4D4513}.Debug|ARM.Deploy.0 = Debug|ARM
		{8AC24406-BC20-469A-89D8-5829AD4D4513}.Debug|iPhone.ActiveCfg = Debug|x86
		{8AC24406-BC20-469A-89D8-5829AD4D4513}.Debug|iPhoneSimulator.ActiveCfg = Debug|x86
		{8AC24406-BC20-469A-89D8-5829AD4D4513}.Debug|x64.ActiveCfg = Debug|x64
		{8AC24406-BC20-469A-89D8-5829AD4D4513}.Debug|x64.Build.0 = Debug|x64
		{8AC24406-BC20-469A-89D8-5829AD4D4513}.Debug|x64.Deploy.0 = Debug|x64
		{8AC24406-BC20-469A-89D8-5829AD4D4513}.Debug|x86.ActiveCfg = Debug|x86
		{8AC24406-BC20-469A-89D8-5829AD4D4513}.Debug|x86.Build.0 = Debug|x86
		{8AC24406-BC20-469A-89D8-5829AD4D4513}.Debug|x86.Deploy.0 = Debug|x86
		{8AC24406-BC20-469A-89D8-5829AD4D4513}.Release|Any CPU.ActiveCfg = Release|x86
		{8AC24406-BC20-469A-89D8-5829AD4D4513}.Release|ARM.ActiveCfg = Release|ARM
		{8AC24406-BC20-469A-89D8-5829AD4D4513}.Release|ARM.Build.0 = Release|ARM
		{8AC24406-BC20-469A-89D8-5829AD4D4513}.Release|ARM.Deploy.0 = Release|ARM
		{8AC24406-BC20-469A-89D8-5829AD4D4513}.Release|iPhone.ActiveCfg = Release|x86
		{8AC24406-BC20-469A-89D8-5829AD4D4513}.Release|iPhoneSimulator.ActiveCfg = Release|x86
		{8AC24406-BC20-469A-89D8-5829AD4D4513}.Release|x64.ActiveCfg = Release|x64
		{8AC24406-BC20-469A-89D8-5829AD4D4513}.Release|x64.Build.0 = Release|x64
		{8AC24406-BC20-469A-89D8-5829AD4D4513}.Release|x64.Deploy.0 = Release|x64
		{8AC24406-BC20-469A-89D8-5829AD4D4513}.Release|x86.ActiveCfg = Release|x86
		{8AC24406-BC20-469A-89D8-5829AD4D4513}.Release|x86.Build.0 = Release|x86
		{8AC24406-BC20-469A-89D8-5829AD4D4513}.Release|x86.Deploy.0 = Release|x86
	EndGlobalSection
	GlobalSection(SolutionProperties) = preSolution
		HideSolutionNode = FALSE
	EndGlobalSection
	GlobalSection(ExtensibilityGlobals) = postSolution
		SolutionGuid = {8E5EF9B6-1D35-4FF7-8D89-501CB5EB5C38}
	EndGlobalSection
EndGlobal
